
Microsoft Visual Studio Solution File, Format Version 12.00
Project("{2150E333-8FDC-42A3-9474-1A3956D46DE8}") = "src", "src", "{827E0CD3-B72D-47B6-A68D-7590B98EB39B}"
EndProject
Project("{FAE04EC0-301F-11D3-BF4B-00C04F79EFBC}") = "SACO.Domain", "src\SACO.Domain\SACO.Domain.csproj", "{0ADECE2F-45E1-4AD1-AF91-CAD4C33C843F}"
EndProject
Project("{FAE04EC0-301F-11D3-BF4B-00C04F79EFBC}") = "SACO.Application", "src\SACO.Application\SACO.Application.csproj", "{CFC34CFA-6F93-4ABE-A3E1-5BB4EC4CAC36}"
EndProject
Project("{FAE04EC0-301F-11D3-BF4B-00C04F79EFBC}") = "SACO.Infrastructure", "src\SACO.Infrastructure\SACO.Infrastructure.csproj", "{9B91E5E6-0E21-46B1-B89C-B0D5917CAB81}"
EndProject
Project("{FAE04EC0-301F-11D3-BF4B-00C04F79EFBC}") = "SACO.Persistence", "src\SACO.Persistence\SACO.Persistence.csproj", "{B3E1EF1C-432A-4944-8EB3-ABD4F12496D9}"
EndProject
Project("{FAE04EC0-301F-11D3-BF4B-00C04F79EFBC}") = "SACO.WebUI", "src\SACO.WebUI\SACO.WebUI.csproj", "{97FDE76B-D093-4390-BD6D-3C1ECDF06784}"
EndProject
Project("{2150E333-8FDC-42A3-9474-1A3956D46DE8}") = "tests", "tests", "{0AB3BF05-4346-4AA6-1389-037BE0695223}"
EndProject
Project("{FAE04EC0-301F-11D3-BF4B-00C04F79EFBC}") = "SACO.IntegrationTests", "tests\SACO.IntegrationTests\SACO.IntegrationTests.csproj", "{D83FD38E-3955-4CCE-BB9C-BC066A9FDB7B}"
EndProject
Project("{FAE04EC0-301F-11D3-BF4B-00C04F79EFBC}") = "SACO.UnitTests", "tests\SACO.UnitTests\SACO.UnitTests.csproj", "{56585CD8-928B-4203-B5DF-5320BD50B6A0}"
EndProject
Project("{FAE04EC0-301F-11D3-BF4B-00C04F79EFBC}") = "SACO.WebAPI", "src\SACO.WebAPI\SACO.WebAPI.csproj", "{D7FE28A7-AD73-408A-8712-016D257A6BC2}"
EndProject
Global
	GlobalSection(SolutionConfigurationPlatforms) = preSolution
		Debug|Any CPU = Debug|Any CPU
		Debug|x64 = Debug|x64
		Debug|x86 = Debug|x86
		Release|Any CPU = Release|Any CPU
		Release|x64 = Release|x64
		Release|x86 = Release|x86
	EndGlobalSection
	GlobalSection(ProjectConfigurationPlatforms) = postSolution
		{0ADECE2F-45E1-4AD1-AF91-CAD4C33C843F}.Debug|Any CPU.ActiveCfg = Debug|Any CPU
		{0ADECE2F-45E1-4AD1-AF91-CAD4C33C843F}.Debug|Any CPU.Build.0 = Debug|Any CPU
		{0ADECE2F-45E1-4AD1-AF91-CAD4C33C843F}.Debug|x64.ActiveCfg = Debug|Any CPU
		{0ADECE2F-45E1-4AD1-AF91-CAD4C33C843F}.Debug|x64.Build.0 = Debug|Any CPU
		{0ADECE2F-45E1-4AD1-AF91-CAD4C33C843F}.Debug|x86.ActiveCfg = Debug|Any CPU
		{0ADECE2F-45E1-4AD1-AF91-CAD4C33C843F}.Debug|x86.Build.0 = Debug|Any CPU
		{0ADECE2F-45E1-4AD1-AF91-CAD4C33C843F}.Release|Any CPU.ActiveCfg = Release|Any CPU
		{0ADECE2F-45E1-4AD1-AF91-CAD4C33C843F}.Release|Any CPU.Build.0 = Release|Any CPU
		{0ADECE2F-45E1-4AD1-AF91-CAD4C33C843F}.Release|x64.ActiveCfg = Release|Any CPU
		{0ADECE2F-45E1-4AD1-AF91-CAD4C33C843F}.Release|x64.Build.0 = Release|Any CPU
		{0ADECE2F-45E1-4AD1-AF91-CAD4C33C843F}.Release|x86.ActiveCfg = Release|Any CPU
		{0ADECE2F-45E1-4AD1-AF91-CAD4C33C843F}.Release|x86.Build.0 = Release|Any CPU
		{CFC34CFA-6F93-4ABE-A3E1-5BB4EC4CAC36}.Debug|Any CPU.ActiveCfg = Debug|Any CPU
		{CFC34CFA-6F93-4ABE-A3E1-5BB4EC4CAC36}.Debug|Any CPU.Build.0 = Debug|Any CPU
		{CFC34CFA-6F93-4ABE-A3E1-5BB4EC4CAC36}.Debug|x64.ActiveCfg = Debug|Any CPU
		{CFC34CFA-6F93-4ABE-A3E1-5BB4EC4CAC36}.Debug|x64.Build.0 = Debug|Any CPU
		{CFC34CFA-6F93-4ABE-A3E1-5BB4EC4CAC36}.Debug|x86.ActiveCfg = Debug|Any CPU
		{CFC34CFA-6F93-4ABE-A3E1-5BB4EC4CAC36}.Debug|x86.Build.0 = Debug|Any CPU
		{CFC34CFA-6F93-4ABE-A3E1-5BB4EC4CAC36}.Release|Any CPU.ActiveCfg = Release|Any CPU
		{CFC34CFA-6F93-4ABE-A3E1-5BB4EC4CAC36}.Release|Any CPU.Build.0 = Release|Any CPU
		{CFC34CFA-6F93-4ABE-A3E1-5BB4EC4CAC36}.Release|x64.ActiveCfg = Release|Any CPU
		{CFC34CFA-6F93-4ABE-A3E1-5BB4EC4CAC36}.Release|x64.Build.0 = Release|Any CPU
		{CFC34CFA-6F93-4ABE-A3E1-5BB4EC4CAC36}.Release|x86.ActiveCfg = Release|Any CPU
		{CFC34CFA-6F93-4ABE-A3E1-5BB4EC4CAC36}.Release|x86.Build.0 = Release|Any CPU
		{9B91E5E6-0E21-46B1-B89C-B0D5917CAB81}.Debug|Any CPU.ActiveCfg = Debug|Any CPU
		{9B91E5E6-0E21-46B1-B89C-B0D5917CAB81}.Debug|Any CPU.Build.0 = Debug|Any CPU
		{9B91E5E6-0E21-46B1-B89C-B0D5917CAB81}.Debug|x64.ActiveCfg = Debug|Any CPU
		{9B91E5E6-0E21-46B1-B89C-B0D5917CAB81}.Debug|x64.Build.0 = Debug|Any CPU
		{9B91E5E6-0E21-46B1-B89C-B0D5917CAB81}.Debug|x86.ActiveCfg = Debug|Any CPU
		{9B91E5E6-0E21-46B1-B89C-B0D5917CAB81}.Debug|x86.Build.0 = Debug|Any CPU
		{9B91E5E6-0E21-46B1-B89C-B0D5917CAB81}.Release|Any CPU.ActiveCfg = Release|Any CPU
		{9B91E5E6-0E21-46B1-B89C-B0D5917CAB81}.Release|Any CPU.Build.0 = Release|Any CPU
		{9B91E5E6-0E21-46B1-B89C-B0D5917CAB81}.Release|x64.ActiveCfg = Release|Any CPU
		{9B91E5E6-0E21-46B1-B89C-B0D5917CAB81}.Release|x64.Build.0 = Release|Any CPU
		{9B91E5E6-0E21-46B1-B89C-B0D5917CAB81}.Release|x86.ActiveCfg = Release|Any CPU
		{9B91E5E6-0E21-46B1-B89C-B0D5917CAB81}.Release|x86.Build.0 = Release|Any CPU
		{B3E1EF1C-432A-4944-8EB3-ABD4F12496D9}.Debug|Any CPU.ActiveCfg = Debug|Any CPU
		{B3E1EF1C-432A-4944-8EB3-ABD4F12496D9}.Debug|Any CPU.Build.0 = Debug|Any CPU
		{B3E1EF1C-432A-4944-8EB3-ABD4F12496D9}.Debug|x64.ActiveCfg = Debug|Any CPU
		{B3E1EF1C-432A-4944-8EB3-ABD4F12496D9}.Debug|x64.Build.0 = Debug|Any CPU
		{B3E1EF1C-432A-4944-8EB3-ABD4F12496D9}.Debug|x86.ActiveCfg = Debug|Any CPU
		{B3E1EF1C-432A-4944-8EB3-ABD4F12496D9}.Debug|x86.Build.0 = Debug|Any CPU
		{B3E1EF1C-432A-4944-8EB3-ABD4F12496D9}.Release|Any CPU.ActiveCfg = Release|Any CPU
		{B3E1EF1C-432A-4944-8EB3-ABD4F12496D9}.Release|Any CPU.Build.0 = Release|Any CPU
		{B3E1EF1C-432A-4944-8EB3-ABD4F12496D9}.Release|x64.ActiveCfg = Release|Any CPU
		{B3E1EF1C-432A-4944-8EB3-ABD4F12496D9}.Release|x64.Build.0 = Release|Any CPU
		{B3E1EF1C-432A-4944-8EB3-ABD4F12496D9}.Release|x86.ActiveCfg = Release|Any CPU
		{B3E1EF1C-432A-4944-8EB3-ABD4F12496D9}.Release|x86.Build.0 = Release|Any CPU
		{97FDE76B-D093-4390-BD6D-3C1ECDF06784}.Debug|Any CPU.ActiveCfg = Debug|Any CPU
		{97FDE76B-D093-4390-BD6D-3C1ECDF06784}.Debug|Any CPU.Build.0 = Debug|Any CPU
		{97FDE76B-D093-4390-BD6D-3C1ECDF06784}.Debug|x64.ActiveCfg = Debug|Any CPU
		{97FDE76B-D093-4390-BD6D-3C1ECDF06784}.Debug|x64.Build.0 = Debug|Any CPU
		{97FDE76B-D093-4390-BD6D-3C1ECDF06784}.Debug|x86.ActiveCfg = Debug|Any CPU
		{97FDE76B-D093-4390-BD6D-3C1ECDF06784}.Debug|x86.Build.0 = Debug|Any CPU
		{97FDE76B-D093-4390-BD6D-3C1ECDF06784}.Release|Any CPU.ActiveCfg = Release|Any CPU
		{97FDE76B-D093-4390-BD6D-3C1ECDF06784}.Release|Any CPU.Build.0 = Release|Any CPU
		{97FDE76B-D093-4390-BD6D-3C1ECDF06784}.Release|x64.ActiveCfg = Release|Any CPU
		{97FDE76B-D093-4390-BD6D-3C1ECDF06784}.Release|x64.Build.0 = Release|Any CPU
		{97FDE76B-D093-4390-BD6D-3C1ECDF06784}.Release|x86.ActiveCfg = Release|Any CPU
		{97FDE76B-D093-4390-BD6D-3C1ECDF06784}.Release|x86.Build.0 = Release|Any CPU
		{D83FD38E-3955-4CCE-BB9C-BC066A9FDB7B}.Debug|Any CPU.ActiveCfg = Debug|Any CPU
		{D83FD38E-3955-4CCE-BB9C-BC066A9FDB7B}.Debug|Any CPU.Build.0 = Debug|Any CPU
		{D83FD38E-3955-4CCE-BB9C-BC066A9FDB7B}.Debug|x64.ActiveCfg = Debug|Any CPU
		{D83FD38E-3955-4CCE-BB9C-BC066A9FDB7B}.Debug|x64.Build.0 = Debug|Any CPU
		{D83FD38E-3955-4CCE-BB9C-BC066A9FDB7B}.Debug|x86.ActiveCfg = Debug|Any CPU
		{D83FD38E-3955-4CCE-BB9C-BC066A9FDB7B}.Debug|x86.Build.0 = Debug|Any CPU
		{D83FD38E-3955-4CCE-BB9C-BC066A9FDB7B}.Release|Any CPU.ActiveCfg = Release|Any CPU
		{D83FD38E-3955-4CCE-BB9C-BC066A9FDB7B}.Release|Any CPU.Build.0 = Release|Any CPU
		{D83FD38E-3955-4CCE-BB9C-BC066A9FDB7B}.Release|x64.ActiveCfg = Release|Any CPU
		{D83FD38E-3955-4CCE-BB9C-BC066A9FDB7B}.Release|x64.Build.0 = Release|Any CPU
		{D83FD38E-3955-4CCE-BB9C-BC066A9FDB7B}.Release|x86.ActiveCfg = Release|Any CPU
		{D83FD38E-3955-4CCE-BB9C-BC066A9FDB7B}.Release|x86.Build.0 = Release|Any CPU
		{56585CD8-928B-4203-B5DF-5320BD50B6A0}.Debug|Any CPU.ActiveCfg = Debug|Any CPU
		{56585CD8-928B-4203-B5DF-5320BD50B6A0}.Debug|Any CPU.Build.0 = Debug|Any CPU
		{56585CD8-928B-4203-B5DF-5320BD50B6A0}.Debug|x64.ActiveCfg = Debug|Any CPU
		{56585CD8-928B-4203-B5DF-5320BD50B6A0}.Debug|x64.Build.0 = Debug|Any CPU
		{56585CD8-928B-4203-B5DF-5320BD50B6A0}.Debug|x86.ActiveCfg = Debug|Any CPU
		{56585CD8-928B-4203-B5DF-5320BD50B6A0}.Debug|x86.Build.0 = Debug|Any CPU
		{56585CD8-928B-4203-B5DF-5320BD50B6A0}.Release|Any CPU.ActiveCfg = Release|Any CPU
		{56585CD8-928B-4203-B5DF-5320BD50B6A0}.Release|Any CPU.Build.0 = Release|Any CPU
		{56585CD8-928B-4203-B5DF-5320BD50B6A0}.Release|x64.ActiveCfg = Release|Any CPU
		{56585CD8-928B-4203-B5DF-5320BD50B6A0}.Release|x64.Build.0 = Release|Any CPU
		{56585CD8-928B-4203-B5DF-5320BD50B6A0}.Release|x86.ActiveCfg = Release|Any CPU
		{56585CD8-928B-4203-B5DF-5320BD50B6A0}.Release|x86.Build.0 = Release|Any CPU
		{D7FE28A7-AD73-408A-8712-016D257A6BC2}.Debug|Any CPU.ActiveCfg = Debug|Any CPU
		{D7FE28A7-AD73-408A-8712-016D257A6BC2}.Debug|Any CPU.Build.0 = Debug|Any CPU
		{D7FE28A7-AD73-408A-8712-016D257A6BC2}.Debug|x64.ActiveCfg = Debug|Any CPU
		{D7FE28A7-AD73-408A-8712-016D257A6BC2}.Debug|x64.Build.0 = Debug|Any CPU
		{D7FE28A7-AD73-408A-8712-016D257A6BC2}.Debug|x86.ActiveCfg = Debug|Any CPU
		{D7FE28A7-AD73-408A-8712-016D257A6BC2}.Debug|x86.Build.0 = Debug|Any CPU
		{D7FE28A7-AD73-408A-8712-016D257A6BC2}.Release|Any CPU.ActiveCfg = Release|Any CPU
		{D7FE28A7-AD73-408A-8712-016D257A6BC2}.Release|Any CPU.Build.0 = Release|Any CPU
		{D7FE28A7-AD73-408A-8712-016D257A6BC2}.Release|x64.ActiveCfg = Release|Any CPU
		{D7FE28A7-AD73-408A-8712-016D257A6BC2}.Release|x64.Build.0 = Release|Any CPU
		{D7FE28A7-AD73-408A-8712-016D257A6BC2}.Release|x86.ActiveCfg = Release|Any CPU
		{D7FE28A7-AD73-408A-8712-016D257A6BC2}.Release|x86.Build.0 = Release|Any CPU
	EndGlobalSection
	GlobalSection(SolutionProperties) = preSolution
		HideSolutionNode = FALSE
	EndGlobalSection
	GlobalSection(NestedProjects) = preSolution
		{0ADECE2F-45E1-4AD1-AF91-CAD4C33C843F} = {827E0CD3-B72D-47B6-A68D-7590B98EB39B}
		{CFC34CFA-6F93-4ABE-A3E1-5BB4EC4CAC36} = {827E0CD3-B72D-47B6-A68D-7590B98EB39B}
		{9B91E5E6-0E21-46B1-B89C-B0D5917CAB81} = {827E0CD3-B72D-47B6-A68D-7590B98EB39B}
		{B3E1EF1C-432A-4944-8EB3-ABD4F12496D9} = {827E0CD3-B72D-47B6-A68D-7590B98EB39B}
		{97FDE76B-D093-4390-BD6D-3C1ECDF06784} = {827E0CD3-B72D-47B6-A68D-7590B98EB39B}
		{D83FD38E-3955-4CCE-BB9C-BC066A9FDB7B} = {0AB3BF05-4346-4AA6-1389-037BE0695223}
		{56585CD8-928B-4203-B5DF-5320BD50B6A0} = {0AB3BF05-4346-4AA6-1389-037BE0695223}
		{D7FE28A7-AD73-408A-8712-016D257A6BC2} = {827E0CD3-B72D-47B6-A68D-7590B98EB39B}
	EndGlobalSection
EndGlobal
